
Microsoft Visual Studio Solution File, Format Version 12.00
# Visual Studio Version 16
VisualStudioVersion = 16.0.30114.105
MinimumVisualStudioVersion = 10.0.40219.1
Project("{FAE04EC0-301F-11D3-BF4B-00C04F79EFBC}") = "GestaoHospitalar.Classes", "GestaoHospitalar.Classes\GestaoHospitalar.Classes.csproj", "{3F30AB88-ADB1-43EB-BB02-DC30DE13AAC8}"
EndProject
Project("{FAE04EC0-301F-11D3-BF4B-00C04F79EFBC}") = "GestaoHospitalar.Console", "GestaoHospitalar.Console\GestaoHospitalar.Console.csproj", "{7F650FD1-8E24-48B6-B25A-78F61C8E40FE}"
EndProject
Project("{FAE04EC0-301F-11D3-BF4B-00C04F79EFBC}") = "GestaoHospitalar.Tests", "GestaoHospitalar.Tests\GestaoHospitalar.Tests.csproj", "{79CE33E4-8AA2-4E78-957B-FD3200EACB4C}"
EndProject
Global
	GlobalSection(SolutionConfigurationPlatforms) = preSolution
		Debug|Any CPU = Debug|Any CPU
		Debug|x64 = Debug|x64
		Debug|x86 = Debug|x86
		Release|Any CPU = Release|Any CPU
		Release|x64 = Release|x64
		Release|x86 = Release|x86
	EndGlobalSection
	GlobalSection(SolutionProperties) = preSolution
		HideSolutionNode = FALSE
	EndGlobalSection
	GlobalSection(ProjectConfigurationPlatforms) = postSolution
		{3F30AB88-ADB1-43EB-BB02-DC30DE13AAC8}.Debug|Any CPU.ActiveCfg = Debug|Any CPU
		{3F30AB88-ADB1-43EB-BB02-DC30DE13AAC8}.Debug|Any CPU.Build.0 = Debug|Any CPU
		{3F30AB88-ADB1-43EB-BB02-DC30DE13AAC8}.Debug|x64.ActiveCfg = Debug|Any CPU
		{3F30AB88-ADB1-43EB-BB02-DC30DE13AAC8}.Debug|x64.Build.0 = Debug|Any CPU
		{3F30AB88-ADB1-43EB-BB02-DC30DE13AAC8}.Debug|x86.ActiveCfg = Debug|Any CPU
		{3F30AB88-ADB1-43EB-BB02-DC30DE13AAC8}.Debug|x86.Build.0 = Debug|Any CPU
		{3F30AB88-ADB1-43EB-BB02-DC30DE13AAC8}.Release|Any CPU.ActiveCfg = Release|Any CPU
		{3F30AB88-ADB1-43EB-BB02-DC30DE13AAC8}.Release|Any CPU.Build.0 = Release|Any CPU
		{3F30AB88-ADB1-43EB-BB02-DC30DE13AAC8}.Release|x64.ActiveCfg = Release|Any CPU
		{3F30AB88-ADB1-43EB-BB02-DC30DE13AAC8}.Release|x64.Build.0 = Release|Any CPU
		{3F30AB88-ADB1-43EB-BB02-DC30DE13AAC8}.Release|x86.ActiveCfg = Release|Any CPU
		{3F30AB88-ADB1-43EB-BB02-DC30DE13AAC8}.Release|x86.Build.0 = Release|Any CPU
		{7F650FD1-8E24-48B6-B25A-78F61C8E40FE}.Debug|Any CPU.ActiveCfg = Debug|Any CPU
		{7F650FD1-8E24-48B6-B25A-78F61C8E40FE}.Debug|Any CPU.Build.0 = Debug|Any CPU
		{7F650FD1-8E24-48B6-B25A-78F61C8E40FE}.Debug|x64.ActiveCfg = Debug|Any CPU
		{7F650FD1-8E24-48B6-B25A-78F61C8E40FE}.Debug|x64.Build.0 = Debug|Any CPU
		{7F650FD1-8E24-48B6-B25A-78F61C8E40FE}.Debug|x86.ActiveCfg = Debug|Any CPU
		{7F650FD1-8E24-48B6-B25A-78F61C8E40FE}.Debug|x86.Build.0 = Debug|Any CPU
		{7F650FD1-8E24-48B6-B25A-78F61C8E40FE}.Release|Any CPU.ActiveCfg = Release|Any CPU
		{7F650FD1-8E24-48B6-B25A-78F61C8E40FE}.Release|Any CPU.Build.0 = Release|Any CPU
		{7F650FD1-8E24-48B6-B25A-78F61C8E40FE}.Release|x64.ActiveCfg = Release|Any CPU
		{7F650FD1-8E24-48B6-B25A-78F61C8E40FE}.Release|x64.Build.0 = Release|Any CPU
		{7F650FD1-8E24-48B6-B25A-78F61C8E40FE}.Release|x86.ActiveCfg = Release|Any CPU
		{7F650FD1-8E24-48B6-B25A-78F61C8E40FE}.Release|x86.Build.0 = Release|Any CPU
		{79CE33E4-8AA2-4E78-957B-FD3200EACB4C}.Debug|Any CPU.ActiveCfg = Debug|Any CPU
		{79CE33E4-8AA2-4E78-957B-FD3200EACB4C}.Debug|Any CPU.Build.0 = Debug|Any CPU
		{79CE33E4-8AA2-4E78-957B-FD3200EACB4C}.Debug|x64.ActiveCfg = Debug|Any CPU
		{79CE33E4-8AA2-4E78-957B-FD3200EACB4C}.Debug|x64.Build.0 = Debug|Any CPU
		{79CE33E4-8AA2-4E78-957B-FD3200EACB4C}.Debug|x86.ActiveCfg = Debug|Any CPU
		{79CE33E4-8AA2-4E78-957B-FD3200EACB4C}.Debug|x86.Build.0 = Debug|Any CPU
		{79CE33E4-8AA2-4E78-957B-FD3200EACB4C}.Release|Any CPU.ActiveCfg = Release|Any CPU
		{79CE33E4-8AA2-4E78-957B-FD3200EACB4C}.Release|Any CPU.Build.0 = Release|Any CPU
		{79CE33E4-8AA2-4E78-957B-FD3200EACB4C}.Release|x64.ActiveCfg = Release|Any CPU
		{79CE33E4-8AA2-4E78-957B-FD3200EACB4C}.Release|x64.Build.0 = Release|Any CPU
		{79CE33E4-8AA2-4E78-957B-FD3200EACB4C}.Release|x86.ActiveCfg = Release|Any CPU
		{79CE33E4-8AA2-4E78-957B-FD3200EACB4C}.Release|x86.Build.0 = Release|Any CPU
	EndGlobalSection
EndGlobal
