
Microsoft Visual Studio Solution File, Format Version 12.00
# Visual Studio Version 16
VisualStudioVersion = 16.0.30114.105
MinimumVisualStudioVersion = 10.0.40219.1
Project("{FAE04EC0-301F-11D3-BF4B-00C04F79EFBC}") = "MercadoDoZe.Classes", "MercadoDoZe.Classes\MercadoDoZe.Classes.csproj", "{37B71E97-8BDE-40BC-BA55-F4D57D8FFAF8}"
EndProject
Project("{FAE04EC0-301F-11D3-BF4B-00C04F79EFBC}") = "MercadoDoZe.ConsoleApp", "MercadoDoZe.ConsoleApp\MercadoDoZe.ConsoleApp.csproj", "{B7939FB5-0540-4B31-A108-743254501B2C}"
EndProject
Global
	GlobalSection(SolutionConfigurationPlatforms) = preSolution
		Debug|Any CPU = Debug|Any CPU
		Debug|x64 = Debug|x64
		Debug|x86 = Debug|x86
		Release|Any CPU = Release|Any CPU
		Release|x64 = Release|x64
		Release|x86 = Release|x86
	EndGlobalSection
	GlobalSection(SolutionProperties) = preSolution
		HideSolutionNode = FALSE
	EndGlobalSection
	GlobalSection(ProjectConfigurationPlatforms) = postSolution
		{37B71E97-8BDE-40BC-BA55-F4D57D8FFAF8}.Debug|Any CPU.ActiveCfg = Debug|Any CPU
		{37B71E97-8BDE-40BC-BA55-F4D57D8FFAF8}.Debug|Any CPU.Build.0 = Debug|Any CPU
		{37B71E97-8BDE-40BC-BA55-F4D57D8FFAF8}.Debug|x64.ActiveCfg = Debug|Any CPU
		{37B71E97-8BDE-40BC-BA55-F4D57D8FFAF8}.Debug|x64.Build.0 = Debug|Any CPU
		{37B71E97-8BDE-40BC-BA55-F4D57D8FFAF8}.Debug|x86.ActiveCfg = Debug|Any CPU
		{37B71E97-8BDE-40BC-BA55-F4D57D8FFAF8}.Debug|x86.Build.0 = Debug|Any CPU
		{37B71E97-8BDE-40BC-BA55-F4D57D8FFAF8}.Release|Any CPU.ActiveCfg = Release|Any CPU
		{37B71E97-8BDE-40BC-BA55-F4D57D8FFAF8}.Release|Any CPU.Build.0 = Release|Any CPU
		{37B71E97-8BDE-40BC-BA55-F4D57D8FFAF8}.Release|x64.ActiveCfg = Release|Any CPU
		{37B71E97-8BDE-40BC-BA55-F4D57D8FFAF8}.Release|x64.Build.0 = Release|Any CPU
		{37B71E97-8BDE-40BC-BA55-F4D57D8FFAF8}.Release|x86.ActiveCfg = Release|Any CPU
		{37B71E97-8BDE-40BC-BA55-F4D57D8FFAF8}.Release|x86.Build.0 = Release|Any CPU
		{B7939FB5-0540-4B31-A108-743254501B2C}.Debug|Any CPU.ActiveCfg = Debug|Any CPU
		{B7939FB5-0540-4B31-A108-743254501B2C}.Debug|Any CPU.Build.0 = Debug|Any CPU
		{B7939FB5-0540-4B31-A108-743254501B2C}.Debug|x64.ActiveCfg = Debug|Any CPU
		{B7939FB5-0540-4B31-A108-743254501B2C}.Debug|x64.Build.0 = Debug|Any CPU
		{B7939FB5-0540-4B31-A108-743254501B2C}.Debug|x86.ActiveCfg = Debug|Any CPU
		{B7939FB5-0540-4B31-A108-743254501B2C}.Debug|x86.Build.0 = Debug|Any CPU
		{B7939FB5-0540-4B31-A108-743254501B2C}.Release|Any CPU.ActiveCfg = Release|Any CPU
		{B7939FB5-0540-4B31-A108-743254501B2C}.Release|Any CPU.Build.0 = Release|Any CPU
		{B7939FB5-0540-4B31-A108-743254501B2C}.Release|x64.ActiveCfg = Release|Any CPU
		{B7939FB5-0540-4B31-A108-743254501B2C}.Release|x64.Build.0 = Release|Any CPU
		{B7939FB5-0540-4B31-A108-743254501B2C}.Release|x86.ActiveCfg = Release|Any CPU
		{B7939FB5-0540-4B31-A108-743254501B2C}.Release|x86.Build.0 = Release|Any CPU
	EndGlobalSection
EndGlobal
